
Microsoft Visual Studio Solution File, Format Version 12.00
# Visual Studio Version 17
VisualStudioVersion = 17.9.34526.213
MinimumVisualStudioVersion = 10.0.40219.1
Project("{9A19103F-16F7-4668-BE54-9A1E7A4F7556}") = "DotNetTrainingBatch3.ConsoleApp", "DotNetTrainingBatch3.ConsoleApp\DotNetTrainingBatch3.ConsoleApp.csproj", "{99DC1308-09AE-410D-B98A-9CA674FEC9FA}"
EndProject
Project("{2150E333-8FDC-42A3-9474-1A3956D46DE8}") = "Documents", "Documents", "{4590CCFE-8576-45D2-A01B-6196C737D636}"
	ProjectSection(SolutionItems) = preProject
		README.md = README.md
	EndProjectSection
EndProject
Project("{9A19103F-16F7-4668-BE54-9A1E7A4F7556}") = "DotNetTrainingBatch3.WebApi", "DotNetTrainingBatch3.WebApi\DotNetTrainingBatch3.WebApi.csproj", "{CFEF5ED3-11A7-404C-9519-21F4CE9F7A24}"
EndProject
Project("{9A19103F-16F7-4668-BE54-9A1E7A4F7556}") = "DotNetTrainingBatch3.BirdWebApi", "DotNetTrainingBatch3.BirdWebApi\DotNetTrainingBatch3.BirdWebApi.csproj", "{2DEE4BDB-3094-47E6-BDB0-05C454241949}"
EndProject
Project("{9A19103F-16F7-4668-BE54-9A1E7A4F7556}") = "DotNetTrainingBatch3.MvcApp", "DotNetTrainingBatch3.MvcApp\DotNetTrainingBatch3.MvcApp.csproj", "{F112DCD8-E092-4B98-9C42-7529A6F74C10}"
EndProject
Project("{9A19103F-16F7-4668-BE54-9A1E7A4F7556}") = "DotNetTrainingBatch3.Shared", "DotNetTrainingBatch3.Shared\DotNetTrainingBatch3.Shared.csproj", "{1E8C1BE0-AD27-4425-92F5-EB223FD4CFCB}"
EndProject
Project("{FAE04EC0-301F-11D3-BF4B-00C04F79EFBC}") = "DotNetTrainingBatch3.MvcApp2", "DotNetTrainingBatch3.MvcApp2\DotNetTrainingBatch3.MvcApp2.csproj", "{1E2D5F93-9082-4BFA-A1B7-DE7E771F8C74}"
EndProject
Project("{FAE04EC0-301F-11D3-BF4B-00C04F79EFBC}") = "DotNetTrainingBatch3.MinimalApi", "DotNetTrainingBatch3.MinimalApi\DotNetTrainingBatch3.MinimalApi.csproj", "{8606E694-B0D8-4FDE-982F-AFACD3F56053}"
EndProject
Global
	GlobalSection(SolutionConfigurationPlatforms) = preSolution
		Debug|Any CPU = Debug|Any CPU
		Release|Any CPU = Release|Any CPU
	EndGlobalSection
	GlobalSection(ProjectConfigurationPlatforms) = postSolution
		{99DC1308-09AE-410D-B98A-9CA674FEC9FA}.Debug|Any CPU.ActiveCfg = Debug|Any CPU
		{99DC1308-09AE-410D-B98A-9CA674FEC9FA}.Debug|Any CPU.Build.0 = Debug|Any CPU
		{99DC1308-09AE-410D-B98A-9CA674FEC9FA}.Release|Any CPU.ActiveCfg = Release|Any CPU
		{99DC1308-09AE-410D-B98A-9CA674FEC9FA}.Release|Any CPU.Build.0 = Release|Any CPU
		{CFEF5ED3-11A7-404C-9519-21F4CE9F7A24}.Debug|Any CPU.ActiveCfg = Debug|Any CPU
		{CFEF5ED3-11A7-404C-9519-21F4CE9F7A24}.Debug|Any CPU.Build.0 = Debug|Any CPU
		{CFEF5ED3-11A7-404C-9519-21F4CE9F7A24}.Release|Any CPU.ActiveCfg = Release|Any CPU
		{CFEF5ED3-11A7-404C-9519-21F4CE9F7A24}.Release|Any CPU.Build.0 = Release|Any CPU
		{2DEE4BDB-3094-47E6-BDB0-05C454241949}.Debug|Any CPU.ActiveCfg = Debug|Any CPU
		{2DEE4BDB-3094-47E6-BDB0-05C454241949}.Debug|Any CPU.Build.0 = Debug|Any CPU
		{2DEE4BDB-3094-47E6-BDB0-05C454241949}.Release|Any CPU.ActiveCfg = Release|Any CPU
		{2DEE4BDB-3094-47E6-BDB0-05C454241949}.Release|Any CPU.Build.0 = Release|Any CPU
		{F112DCD8-E092-4B98-9C42-7529A6F74C10}.Debug|Any CPU.ActiveCfg = Debug|Any CPU
		{F112DCD8-E092-4B98-9C42-7529A6F74C10}.Debug|Any CPU.Build.0 = Debug|Any CPU
		{F112DCD8-E092-4B98-9C42-7529A6F74C10}.Release|Any CPU.ActiveCfg = Release|Any CPU
		{F112DCD8-E092-4B98-9C42-7529A6F74C10}.Release|Any CPU.Build.0 = Release|Any CPU
		{1E8C1BE0-AD27-4425-92F5-EB223FD4CFCB}.Debug|Any CPU.ActiveCfg = Debug|Any CPU
		{1E8C1BE0-AD27-4425-92F5-EB223FD4CFCB}.Debug|Any CPU.Build.0 = Debug|Any CPU
		{1E8C1BE0-AD27-4425-92F5-EB223FD4CFCB}.Release|Any CPU.ActiveCfg = Release|Any CPU
		{1E8C1BE0-AD27-4425-92F5-EB223FD4CFCB}.Release|Any CPU.Build.0 = Release|Any CPU
		{1E2D5F93-9082-4BFA-A1B7-DE7E771F8C74}.Debug|Any CPU.ActiveCfg = Debug|Any CPU
		{1E2D5F93-9082-4BFA-A1B7-DE7E771F8C74}.Debug|Any CPU.Build.0 = Debug|Any CPU
		{1E2D5F93-9082-4BFA-A1B7-DE7E771F8C74}.Release|Any CPU.ActiveCfg = Release|Any CPU
		{1E2D5F93-9082-4BFA-A1B7-DE7E771F8C74}.Release|Any CPU.Build.0 = Release|Any CPU
		{8606E694-B0D8-4FDE-982F-AFACD3F56053}.Debug|Any CPU.ActiveCfg = Debug|Any CPU
		{8606E694-B0D8-4FDE-982F-AFACD3F56053}.Debug|Any CPU.Build.0 = Debug|Any CPU
		{8606E694-B0D8-4FDE-982F-AFACD3F56053}.Release|Any CPU.ActiveCfg = Release|Any CPU
		{8606E694-B0D8-4FDE-982F-AFACD3F56053}.Release|Any CPU.Build.0 = Release|Any CPU
	EndGlobalSection
	GlobalSection(SolutionProperties) = preSolution
		HideSolutionNode = FALSE
	EndGlobalSection
	GlobalSection(ExtensibilityGlobals) = postSolution
		SolutionGuid = {275CEDF2-A245-43FF-A22A-5D1F0E70EB9A}
	EndGlobalSection
EndGlobal
